
Microsoft Visual Studio Solution File, Format Version 12.00
# Visual Studio Version 16
VisualStudioVersion = 16.0.28803.352
MinimumVisualStudioVersion = 10.0.40219.1
Project("{8BC9CEB8-8B4A-11D0-8D11-00A0C91BC942}") = "QLSV", "QLSV\QLSV.vcxproj", "{4FFEE655-DC89-4F75-A22F-CEF926AA321B}"
EndProject
Global
	GlobalSection(SolutionConfigurationPlatforms) = preSolution
		Debug|x64 = Debug|x64
		Debug|x86 = Debug|x86
		Release|x64 = Release|x64
		Release|x86 = Release|x86
	EndGlobalSection
	GlobalSection(ProjectConfigurationPlatforms) = postSolution
		{4FFEE655-DC89-4F75-A22F-CEF926AA321B}.Debug|x64.ActiveCfg = Debug|x64
		{4FFEE655-DC89-4F75-A22F-CEF926AA321B}.Debug|x64.Build.0 = Debug|x64
		{4FFEE655-DC89-4F75-A22F-CEF926AA321B}.Debug|x86.ActiveCfg = Debug|Win32
		{4FFEE655-DC89-4F75-A22F-CEF926AA321B}.Debug|x86.Build.0 = Debug|Win32
		{4FFEE655-DC89-4F75-A22F-CEF926AA321B}.Release|x64.ActiveCfg = Release|x64
		{4FFEE655-DC89-4F75-A22F-CEF926AA321B}.Release|x64.Build.0 = Release|x64
		{4FFEE655-DC89-4F75-A22F-CEF926AA321B}.Release|x86.ActiveCfg = Release|Win32
		{4FFEE655-DC89-4F75-A22F-CEF926AA321B}.Release|x86.Build.0 = Release|Win32
	EndGlobalSection
	GlobalSection(SolutionProperties) = preSolution
		HideSolutionNode = FALSE
	EndGlobalSection
	GlobalSection(ExtensibilityGlobals) = postSolution
		SolutionGuid = {BBED223A-28DE-45AF-8942-44BA1C0140CB}
	EndGlobalSection
EndGlobal
